// !$*UTF8*$!
{
	archiveVersion = 1;
	classes = {
	};
	objectVersion = 56;
	objects = {

/* Begin PBXBuildFile section */
		651D1675289B0333003BBC13 /* AppDelegate.swift in Sources */ = {isa = PBXBuildFile; fileRef = 651D1674289B0333003BBC13 /* AppDelegate.swift */; };
		651D1677289B0333003BBC13 /* SceneDelegate.swift in Sources */ = {isa = PBXBuildFile; fileRef = 651D1676289B0333003BBC13 /* SceneDelegate.swift */; };
		651D167F289B0333003BBC13 /* iosRequests.xcdatamodeld in Sources */ = {isa = PBXBuildFile; fileRef = 651D167D289B0333003BBC13 /* iosRequests.xcdatamodeld */; };
		651D1684289B0333003BBC13 /* LaunchScreen.storyboard in Resources */ = {isa = PBXBuildFile; fileRef = 651D1682289B0333003BBC13 /* LaunchScreen.storyboard */; };
		651D1693289B03FA003BBC13 /* Main.storyboard in Resources */ = {isa = PBXBuildFile; fileRef = 651D1691289B03FA003BBC13 /* Main.storyboard */; };
		651D169A289B0480003BBC13 /* FileLogic.swift in Sources */ = {isa = PBXBuildFile; fileRef = 651D1695289B0480003BBC13 /* FileLogic.swift */; };
		651D169B289B0480003BBC13 /* urlParser.swift in Sources */ = {isa = PBXBuildFile; fileRef = 651D1696289B0480003BBC13 /* urlParser.swift */; };
		651D169C289B0480003BBC13 /* downloaderLogic.swift in Sources */ = {isa = PBXBuildFile; fileRef = 651D1697289B0480003BBC13 /* downloaderLogic.swift */; };
		651D169D289B0480003BBC13 /* bufferData.swift in Sources */ = {isa = PBXBuildFile; fileRef = 651D1698289B0480003BBC13 /* bufferData.swift */; };
		651D169E289B0480003BBC13 /* uploaderLogic.swift in Sources */ = {isa = PBXBuildFile; fileRef = 651D1699289B0480003BBC13 /* uploaderLogic.swift */; };
		651D16A0289B0489003BBC13 /* loginInfo.swift in Sources */ = {isa = PBXBuildFile; fileRef = 651D169F289B0489003BBC13 /* loginInfo.swift */; };
		651D16A3289B0493003BBC13 /* TableViewControllerLogger.swift in Sources */ = {isa = PBXBuildFile; fileRef = 651D16A1289B0493003BBC13 /* TableViewControllerLogger.swift */; };
		651D16A4289B0493003BBC13 /* ViewControllerLogger.swift in Sources */ = {isa = PBXBuildFile; fileRef = 651D16A2289B0493003BBC13 /* ViewControllerLogger.swift */; };
		651D16A8289B049D003BBC13 /* UploaderVC.swift in Sources */ = {isa = PBXBuildFile; fileRef = 651D16A5289B049D003BBC13 /* UploaderVC.swift */; };
		651D16A9289B049D003BBC13 /* DownloaderVC.swift in Sources */ = {isa = PBXBuildFile; fileRef = 651D16A6289B049D003BBC13 /* DownloaderVC.swift */; };
		651D16AA289B049D003BBC13 /* loginVC.swift in Sources */ = {isa = PBXBuildFile; fileRef = 651D16A7289B049D003BBC13 /* loginVC.swift */; };
		651D16AC289B04AB003BBC13 /* Assets.xcassets in Resources */ = {isa = PBXBuildFile; fileRef = 651D16AB289B04AB003BBC13 /* Assets.xcassets */; };
		651D16AF289B04CD003BBC13 /* UrlTableViewCell.swift in Sources */ = {isa = PBXBuildFile; fileRef = 651D16AE289B04CD003BBC13 /* UrlTableViewCell.swift */; };
		651D16B2289B053A003BBC13 /* SwiftSoup in Frameworks */ = {isa = PBXBuildFile; productRef = 651D16B1289B053A003BBC13 /* SwiftSoup */; };
		655B246628A0BD52007F0DAF /* scrap.swift in Sources */ = {isa = PBXBuildFile; fileRef = 655B246528A0BD52007F0DAF /* scrap.swift */; };
		655B246828A0DD33007F0DAF /* DispatchQueueExtension.swift in Sources */ = {isa = PBXBuildFile; fileRef = 655B246728A0DD33007F0DAF /* DispatchQueueExtension.swift */; };
		657CD18028A07AF800135E10 /* buildCells.swift in Sources */ = {isa = PBXBuildFile; fileRef = 657CD17F28A07AF800135E10 /* buildCells.swift */; };
		657CD18328A090EB00135E10 /* NotificationExtension.swift in Sources */ = {isa = PBXBuildFile; fileRef = 657CD18228A090EB00135E10 /* NotificationExtension.swift */; };
		657CD18528A0914100135E10 /* SearchBarExtension.swift in Sources */ = {isa = PBXBuildFile; fileRef = 657CD18428A0914100135E10 /* SearchBarExtension.swift */; };
		657CD18728A0918D00135E10 /* TableViewExtensions.swift in Sources */ = {isa = PBXBuildFile; fileRef = 657CD18628A0918D00135E10 /* TableViewExtensions.swift */; };
		657CD18928A091EB00135E10 /* urlSessionsExtension.swift in Sources */ = {isa = PBXBuildFile; fileRef = 657CD18828A091EB00135E10 /* urlSessionsExtension.swift */; };
		657CD18C28A0923F00135E10 /* localFileExtensions.swift in Sources */ = {isa = PBXBuildFile; fileRef = 657CD18B28A0923F00135E10 /* localFileExtensions.swift */; };
		65EE7472289B97F500C67BDB /* HrefView.swift in Sources */ = {isa = PBXBuildFile; fileRef = 65EE7471289B97F500C67BDB /* HrefView.swift */; };
		65EE7474289BA31E00C67BDB /* SmbView.swift in Sources */ = {isa = PBXBuildFile; fileRef = 65EE7473289BA31E00C67BDB /* SmbView.swift */; };
		65EE7478289BA81D00C67BDB /* FtpView.swift in Sources */ = {isa = PBXBuildFile; fileRef = 65EE7477289BA81D00C67BDB /* FtpView.swift */; };
		65EE747A289BACF100C67BDB /* HrefSoup.swift in Sources */ = {isa = PBXBuildFile; fileRef = 65EE7479289BACF100C67BDB /* HrefSoup.swift */; };
/* End PBXBuildFile section */

/* Begin PBXFileReference section */
		651D1671289B0333003BBC13 /* iosRequests.app */ = {isa = PBXFileReference; explicitFileType = wrapper.application; includeInIndex = 0; path = iosRequests.app; sourceTree = BUILT_PRODUCTS_DIR; };
		651D1674289B0333003BBC13 /* AppDelegate.swift */ = {isa = PBXFileReference; lastKnownFileType = sourcecode.swift; path = AppDelegate.swift; sourceTree = "<group>"; };
		651D1676289B0333003BBC13 /* SceneDelegate.swift */ = {isa = PBXFileReference; lastKnownFileType = sourcecode.swift; path = SceneDelegate.swift; sourceTree = "<group>"; };
		651D167E289B0333003BBC13 /* iosRequests.xcdatamodel */ = {isa = PBXFileReference; lastKnownFileType = wrapper.xcdatamodel; path = iosRequests.xcdatamodel; sourceTree = "<group>"; };
		651D1683289B0333003BBC13 /* Base */ = {isa = PBXFileReference; lastKnownFileType = file.storyboard; name = Base; path = Base.lproj/LaunchScreen.storyboard; sourceTree = "<group>"; };
		651D1685289B0333003BBC13 /* Info.plist */ = {isa = PBXFileReference; lastKnownFileType = text.plist.xml; path = Info.plist; sourceTree = "<group>"; };
		651D1691289B03FA003BBC13 /* Main.storyboard */ = {isa = PBXFileReference; fileEncoding = 4; lastKnownFileType = file.storyboard; path = Main.storyboard; sourceTree = "<group>"; };
		651D1695289B0480003BBC13 /* FileLogic.swift */ = {isa = PBXFileReference; fileEncoding = 4; lastKnownFileType = sourcecode.swift; path = FileLogic.swift; sourceTree = "<group>"; };
		651D1696289B0480003BBC13 /* urlParser.swift */ = {isa = PBXFileReference; fileEncoding = 4; lastKnownFileType = sourcecode.swift; path = urlParser.swift; sourceTree = "<group>"; };
		651D1697289B0480003BBC13 /* downloaderLogic.swift */ = {isa = PBXFileReference; fileEncoding = 4; lastKnownFileType = sourcecode.swift; path = downloaderLogic.swift; sourceTree = "<group>"; };
		651D1698289B0480003BBC13 /* bufferData.swift */ = {isa = PBXFileReference; fileEncoding = 4; lastKnownFileType = sourcecode.swift; path = bufferData.swift; sourceTree = "<group>"; };
		651D1699289B0480003BBC13 /* uploaderLogic.swift */ = {isa = PBXFileReference; fileEncoding = 4; lastKnownFileType = sourcecode.swift; path = uploaderLogic.swift; sourceTree = "<group>"; };
		651D169F289B0489003BBC13 /* loginInfo.swift */ = {isa = PBXFileReference; fileEncoding = 4; lastKnownFileType = sourcecode.swift; path = loginInfo.swift; sourceTree = "<group>"; };
		651D16A1289B0493003BBC13 /* TableViewControllerLogger.swift */ = {isa = PBXFileReference; fileEncoding = 4; lastKnownFileType = sourcecode.swift; path = TableViewControllerLogger.swift; sourceTree = "<group>"; };
		651D16A2289B0493003BBC13 /* ViewControllerLogger.swift */ = {isa = PBXFileReference; fileEncoding = 4; lastKnownFileType = sourcecode.swift; path = ViewControllerLogger.swift; sourceTree = "<group>"; };
		651D16A5289B049D003BBC13 /* UploaderVC.swift */ = {isa = PBXFileReference; fileEncoding = 4; lastKnownFileType = sourcecode.swift; path = UploaderVC.swift; sourceTree = "<group>"; };
		651D16A6289B049D003BBC13 /* DownloaderVC.swift */ = {isa = PBXFileReference; fileEncoding = 4; lastKnownFileType = sourcecode.swift; path = DownloaderVC.swift; sourceTree = "<group>"; };
		651D16A7289B049D003BBC13 /* loginVC.swift */ = {isa = PBXFileReference; fileEncoding = 4; lastKnownFileType = sourcecode.swift; path = loginVC.swift; sourceTree = "<group>"; };
		651D16AB289B04AB003BBC13 /* Assets.xcassets */ = {isa = PBXFileReference; lastKnownFileType = folder.assetcatalog; name = Assets.xcassets; path = ../../../DownloadManagerIII/DownloadManagerIII/Views/Assets.xcassets; sourceTree = "<group>"; };
		651D16AE289B04CD003BBC13 /* UrlTableViewCell.swift */ = {isa = PBXFileReference; fileEncoding = 4; lastKnownFileType = sourcecode.swift; path = UrlTableViewCell.swift; sourceTree = "<group>"; };
		655B246528A0BD52007F0DAF /* scrap.swift */ = {isa = PBXFileReference; lastKnownFileType = sourcecode.swift; path = scrap.swift; sourceTree = "<group>"; };
		655B246728A0DD33007F0DAF /* DispatchQueueExtension.swift */ = {isa = PBXFileReference; lastKnownFileType = sourcecode.swift; path = DispatchQueueExtension.swift; sourceTree = "<group>"; };
		657CD17F28A07AF800135E10 /* buildCells.swift */ = {isa = PBXFileReference; lastKnownFileType = sourcecode.swift; name = buildCells.swift; path = iosRequests/Service/buildCells.swift; sourceTree = "<group>"; };
		657CD18228A090EB00135E10 /* NotificationExtension.swift */ = {isa = PBXFileReference; lastKnownFileType = sourcecode.swift; path = NotificationExtension.swift; sourceTree = "<group>"; };
		657CD18428A0914100135E10 /* SearchBarExtension.swift */ = {isa = PBXFileReference; lastKnownFileType = sourcecode.swift; path = SearchBarExtension.swift; sourceTree = "<group>"; };
		657CD18628A0918D00135E10 /* TableViewExtensions.swift */ = {isa = PBXFileReference; lastKnownFileType = sourcecode.swift; path = TableViewExtensions.swift; sourceTree = "<group>"; };
		657CD18828A091EB00135E10 /* urlSessionsExtension.swift */ = {isa = PBXFileReference; lastKnownFileType = sourcecode.swift; path = urlSessionsExtension.swift; sourceTree = "<group>"; };
		657CD18B28A0923F00135E10 /* localFileExtensions.swift */ = {isa = PBXFileReference; lastKnownFileType = sourcecode.swift; path = localFileExtensions.swift; sourceTree = "<group>"; };
		65EE7471289B97F500C67BDB /* HrefView.swift */ = {isa = PBXFileReference; lastKnownFileType = sourcecode.swift; path = HrefView.swift; sourceTree = "<group>"; };
		65EE7473289BA31E00C67BDB /* SmbView.swift */ = {isa = PBXFileReference; lastKnownFileType = sourcecode.swift; path = SmbView.swift; sourceTree = "<group>"; };
		65EE7477289BA81D00C67BDB /* FtpView.swift */ = {isa = PBXFileReference; lastKnownFileType = sourcecode.swift; path = FtpView.swift; sourceTree = "<group>"; };
		65EE7479289BACF100C67BDB /* HrefSoup.swift */ = {isa = PBXFileReference; lastKnownFileType = sourcecode.swift; path = HrefSoup.swift; sourceTree = "<group>"; };
/* End PBXFileReference section */

/* Begin PBXFrameworksBuildPhase section */
		651D166E289B0333003BBC13 /* Frameworks */ = {
			isa = PBXFrameworksBuildPhase;
			buildActionMask = 2147483647;
			files = (
				651D16B2289B053A003BBC13 /* SwiftSoup in Frameworks */,
			);
			runOnlyForDeploymentPostprocessing = 0;
		};
/* End PBXFrameworksBuildPhase section */

/* Begin PBXGroup section */
		651D1668289B0333003BBC13 = {
			isa = PBXGroup;
			children = (
				655B246528A0BD52007F0DAF /* scrap.swift */,
				657CD17F28A07AF800135E10 /* buildCells.swift */,
				65EE7479289BACF100C67BDB /* HrefSoup.swift */,
				651D1673289B0333003BBC13 /* iosRequests */,
				651D1672289B0333003BBC13 /* Products */,
			);
			sourceTree = "<group>";
		};
		651D1672289B0333003BBC13 /* Products */ = {
			isa = PBXGroup;
			children = (
				651D1671289B0333003BBC13 /* iosRequests.app */,
			);
			name = Products;
			sourceTree = "<group>";
		};
		651D1673289B0333003BBC13 /* iosRequests */ = {
			isa = PBXGroup;
			children = (
				657CD18128A090DC00135E10 /* Extensions */,
				651D16AD289B04C7003BBC13 /* View */,
				651D1694289B0429003BBC13 /* Delegates */,
				651D168F289B03DD003BBC13 /* Service */,
				651D168E289B03C9003BBC13 /* Loggers */,
				651D168D289B03A5003BBC13 /* Assets */,
				651D168C289B039B003BBC13 /* Controller */,
				651D168B289B0389003BBC13 /* Models */,
				651D1685289B0333003BBC13 /* Info.plist */,
			);
			path = iosRequests;
			sourceTree = "<group>";
		};
		651D168B289B0389003BBC13 /* Models */ = {
			isa = PBXGroup;
			children = (
			);
			path = Models;
			sourceTree = "<group>";
		};
		651D168C289B039B003BBC13 /* Controller */ = {
			isa = PBXGroup;
			children = (
				65EE7473289BA31E00C67BDB /* SmbView.swift */,
				65EE7477289BA81D00C67BDB /* FtpView.swift */,
				651D16A6289B049D003BBC13 /* DownloaderVC.swift */,
				651D1691289B03FA003BBC13 /* Main.storyboard */,
				651D16A7289B049D003BBC13 /* loginVC.swift */,
				651D16A5289B049D003BBC13 /* UploaderVC.swift */,
			);
			path = Controller;
			sourceTree = "<group>";
		};
		651D168D289B03A5003BBC13 /* Assets */ = {
			isa = PBXGroup;
			children = (
				651D16AB289B04AB003BBC13 /* Assets.xcassets */,
				65EE7471289B97F500C67BDB /* HrefView.swift */,
				651D167D289B0333003BBC13 /* iosRequests.xcdatamodeld */,
				651D1682289B0333003BBC13 /* LaunchScreen.storyboard */,
			);
			path = Assets;
			sourceTree = "<group>";
		};
		651D168E289B03C9003BBC13 /* Loggers */ = {
			isa = PBXGroup;
			children = (
				651D16A1289B0493003BBC13 /* TableViewControllerLogger.swift */,
				651D16A2289B0493003BBC13 /* ViewControllerLogger.swift */,
			);
			path = Loggers;
			sourceTree = "<group>";
		};
		651D168F289B03DD003BBC13 /* Service */ = {
			isa = PBXGroup;
			children = (
				651D1698289B0480003BBC13 /* bufferData.swift */,
				651D1697289B0480003BBC13 /* downloaderLogic.swift */,
				651D1695289B0480003BBC13 /* FileLogic.swift */,
				651D1699289B0480003BBC13 /* uploaderLogic.swift */,
				651D169F289B0489003BBC13 /* loginInfo.swift */,
				651D1696289B0480003BBC13 /* urlParser.swift */,
			);
			path = Service;
			sourceTree = "<group>";
		};
		651D1694289B0429003BBC13 /* Delegates */ = {
			isa = PBXGroup;
			children = (
				651D1674289B0333003BBC13 /* AppDelegate.swift */,
				651D1676289B0333003BBC13 /* SceneDelegate.swift */,
			);
			path = Delegates;
			sourceTree = "<group>";
		};
		651D16AD289B04C7003BBC13 /* View */ = {
			isa = PBXGroup;
			children = (
				651D16AE289B04CD003BBC13 /* UrlTableViewCell.swift */,
			);
			path = View;
			sourceTree = "<group>";
		};
		657CD18128A090DC00135E10 /* Extensions */ = {
			isa = PBXGroup;
			children = (
				657CD18228A090EB00135E10 /* NotificationExtension.swift */,
				657CD18428A0914100135E10 /* SearchBarExtension.swift */,
				657CD18628A0918D00135E10 /* TableViewExtensions.swift */,
				657CD18828A091EB00135E10 /* urlSessionsExtension.swift */,
				657CD18B28A0923F00135E10 /* localFileExtensions.swift */,
				655B246728A0DD33007F0DAF /* DispatchQueueExtension.swift */,
			);
			path = Extensions;
			sourceTree = "<group>";
		};
/* End PBXGroup section */

/* Begin PBXNativeTarget section */
		651D1670289B0333003BBC13 /* iosRequests */ = {
			isa = PBXNativeTarget;
			buildConfigurationList = 651D1688289B0333003BBC13 /* Build configuration list for PBXNativeTarget "iosRequests" */;
			buildPhases = (
				651D166D289B0333003BBC13 /* Sources */,
				651D166E289B0333003BBC13 /* Frameworks */,
				651D166F289B0333003BBC13 /* Resources */,
			);
			buildRules = (
			);
			dependencies = (
			);
			name = iosRequests;
			packageProductDependencies = (
				651D16B1289B053A003BBC13 /* SwiftSoup */,
			);
			productName = iosRequests;
			productReference = 651D1671289B0333003BBC13 /* iosRequests.app */;
			productType = "com.apple.product-type.application";
		};
/* End PBXNativeTarget section */

/* Begin PBXProject section */
		651D1669289B0333003BBC13 /* Project object */ = {
			isa = PBXProject;
			attributes = {
				BuildIndependentTargetsInParallel = 1;
				LastSwiftUpdateCheck = 1400;
				LastUpgradeCheck = 1400;
				TargetAttributes = {
					651D1670289B0333003BBC13 = {
						CreatedOnToolsVersion = 14.0;
					};
				};
			};
			buildConfigurationList = 651D166C289B0333003BBC13 /* Build configuration list for PBXProject "iosRequests" */;
			compatibilityVersion = "Xcode 14.0";
			developmentRegion = en;
			hasScannedForEncodings = 0;
			knownRegions = (
				en,
				Base,
			);
			mainGroup = 651D1668289B0333003BBC13;
			packageReferences = (
				651D16B0289B053A003BBC13 /* XCRemoteSwiftPackageReference "SwiftSoup" */,
			);
			productRefGroup = 651D1672289B0333003BBC13 /* Products */;
			projectDirPath = "";
			projectRoot = "";
			targets = (
				651D1670289B0333003BBC13 /* iosRequests */,
			);
		};
/* End PBXProject section */

/* Begin PBXResourcesBuildPhase section */
		651D166F289B0333003BBC13 /* Resources */ = {
			isa = PBXResourcesBuildPhase;
			buildActionMask = 2147483647;
			files = (
				651D1684289B0333003BBC13 /* LaunchScreen.storyboard in Resources */,
				651D1693289B03FA003BBC13 /* Main.storyboard in Resources */,
				651D16AC289B04AB003BBC13 /* Assets.xcassets in Resources */,
			);
			runOnlyForDeploymentPostprocessing = 0;
		};
/* End PBXResourcesBuildPhase section */

/* Begin PBXSourcesBuildPhase section */
		651D166D289B0333003BBC13 /* Sources */ = {
			isa = PBXSourcesBuildPhase;
			buildActionMask = 2147483647;
			files = (
				657CD18728A0918D00135E10 /* TableViewExtensions.swift in Sources */,
				655B246628A0BD52007F0DAF /* scrap.swift in Sources */,
				657CD18C28A0923F00135E10 /* localFileExtensions.swift in Sources */,
				651D169E289B0480003BBC13 /* uploaderLogic.swift in Sources */,
				651D16A0289B0489003BBC13 /* loginInfo.swift in Sources */,
				65EE7474289BA31E00C67BDB /* SmbView.swift in Sources */,
				651D16A4289B0493003BBC13 /* ViewControllerLogger.swift in Sources */,
				651D169B289B0480003BBC13 /* urlParser.swift in Sources */,
				657CD18028A07AF800135E10 /* buildCells.swift in Sources */,
				651D16A8289B049D003BBC13 /* UploaderVC.swift in Sources */,
				657CD18528A0914100135E10 /* SearchBarExtension.swift in Sources */,
				65EE7478289BA81D00C67BDB /* FtpView.swift in Sources */,
				651D169A289B0480003BBC13 /* FileLogic.swift in Sources */,
				651D16AF289B04CD003BBC13 /* UrlTableViewCell.swift in Sources */,
				657CD18928A091EB00135E10 /* urlSessionsExtension.swift in Sources */,
				651D1675289B0333003BBC13 /* AppDelegate.swift in Sources */,
				651D169C289B0480003BBC13 /* downloaderLogic.swift in Sources */,
				655B246828A0DD33007F0DAF /* DispatchQueueExtension.swift in Sources */,
				657CD18328A090EB00135E10 /* NotificationExtension.swift in Sources */,
				65EE7472289B97F500C67BDB /* HrefView.swift in Sources */,
				651D169D289B0480003BBC13 /* bufferData.swift in Sources */,
				651D16A3289B0493003BBC13 /* TableViewControllerLogger.swift in Sources */,
				651D16AA289B049D003BBC13 /* loginVC.swift in Sources */,
				651D16A9289B049D003BBC13 /* DownloaderVC.swift in Sources */,
				651D1677289B0333003BBC13 /* SceneDelegate.swift in Sources */,
				651D167F289B0333003BBC13 /* iosRequests.xcdatamodeld in Sources */,
				65EE747A289BACF100C67BDB /* HrefSoup.swift in Sources */,
			);
			runOnlyForDeploymentPostprocessing = 0;
		};
/* End PBXSourcesBuildPhase section */

/* Begin PBXVariantGroup section */
		651D1682289B0333003BBC13 /* LaunchScreen.storyboard */ = {
			isa = PBXVariantGroup;
			children = (
				651D1683289B0333003BBC13 /* Base */,
			);
			name = LaunchScreen.storyboard;
			sourceTree = "<group>";
		};
/* End PBXVariantGroup section */

/* Begin XCBuildConfiguration section */
		651D1686289B0333003BBC13 /* Debug */ = {
			isa = XCBuildConfiguration;
			buildSettings = {
				ALWAYS_SEARCH_USER_PATHS = NO;
				CLANG_ANALYZER_NONNULL = YES;
				CLANG_ANALYZER_NUMBER_OBJECT_CONVERSION = YES_AGGRESSIVE;
				CLANG_CXX_LANGUAGE_STANDARD = "gnu++17";
				CLANG_ENABLE_MODULES = YES;
				CLANG_ENABLE_OBJC_ARC = YES;
				CLANG_ENABLE_OBJC_WEAK = YES;
				CLANG_WARN_BLOCK_CAPTURE_AUTORELEASING = YES;
				CLANG_WARN_BOOL_CONVERSION = YES;
				CLANG_WARN_COMMA = YES;
				CLANG_WARN_CONSTANT_CONVERSION = YES;
				CLANG_WARN_DEPRECATED_OBJC_IMPLEMENTATIONS = YES;
				CLANG_WARN_DIRECT_OBJC_ISA_USAGE = YES_ERROR;
				CLANG_WARN_DOCUMENTATION_COMMENTS = YES;
				CLANG_WARN_EMPTY_BODY = YES;
				CLANG_WARN_ENUM_CONVERSION = YES;
				CLANG_WARN_INFINITE_RECURSION = YES;
				CLANG_WARN_INT_CONVERSION = YES;
				CLANG_WARN_NON_LITERAL_NULL_CONVERSION = YES;
				CLANG_WARN_OBJC_IMPLICIT_RETAIN_SELF = YES;
				CLANG_WARN_OBJC_LITERAL_CONVERSION = YES;
				CLANG_WARN_OBJC_ROOT_CLASS = YES_ERROR;
				CLANG_WARN_QUOTED_INCLUDE_IN_FRAMEWORK_HEADER = YES;
				CLANG_WARN_RANGE_LOOP_ANALYSIS = YES;
				CLANG_WARN_STRICT_PROTOTYPES = YES;
				CLANG_WARN_SUSPICIOUS_MOVE = YES;
				CLANG_WARN_UNGUARDED_AVAILABILITY = YES_AGGRESSIVE;
				CLANG_WARN_UNREACHABLE_CODE = YES;
				CLANG_WARN__DUPLICATE_METHOD_MATCH = YES;
				COPY_PHASE_STRIP = NO;
				DEBUG_INFORMATION_FORMAT = dwarf;
				ENABLE_STRICT_OBJC_MSGSEND = YES;
				ENABLE_TESTABILITY = YES;
				GCC_C_LANGUAGE_STANDARD = gnu11;
				GCC_DYNAMIC_NO_PIC = NO;
				GCC_NO_COMMON_BLOCKS = YES;
				GCC_OPTIMIZATION_LEVEL = 0;
				GCC_PREPROCESSOR_DEFINITIONS = (
					"DEBUG=1",
					"$(inherited)",
				);
				GCC_WARN_64_TO_32_BIT_CONVERSION = YES;
				GCC_WARN_ABOUT_RETURN_TYPE = YES_ERROR;
				GCC_WARN_UNDECLARED_SELECTOR = YES;
				GCC_WARN_UNINITIALIZED_AUTOS = YES_AGGRESSIVE;
				GCC_WARN_UNUSED_FUNCTION = YES;
				GCC_WARN_UNUSED_VARIABLE = YES;
				IPHONEOS_DEPLOYMENT_TARGET = 16.0;
				MTL_ENABLE_DEBUG_INFO = INCLUDE_SOURCE;
				MTL_FAST_MATH = YES;
				ONLY_ACTIVE_ARCH = YES;
				SDKROOT = iphoneos;
				SWIFT_ACTIVE_COMPILATION_CONDITIONS = DEBUG;
				SWIFT_OPTIMIZATION_LEVEL = "-Onone";
			};
			name = Debug;
		};
		651D1687289B0333003BBC13 /* Release */ = {
			isa = XCBuildConfiguration;
			buildSettings = {
				ALWAYS_SEARCH_USER_PATHS = NO;
				CLANG_ANALYZER_NONNULL = YES;
				CLANG_ANALYZER_NUMBER_OBJECT_CONVERSION = YES_AGGRESSIVE;
				CLANG_CXX_LANGUAGE_STANDARD = "gnu++17";
				CLANG_ENABLE_MODULES = YES;
				CLANG_ENABLE_OBJC_ARC = YES;
				CLANG_ENABLE_OBJC_WEAK = YES;
				CLANG_WARN_BLOCK_CAPTURE_AUTORELEASING = YES;
				CLANG_WARN_BOOL_CONVERSION = YES;
				CLANG_WARN_COMMA = YES;
				CLANG_WARN_CONSTANT_CONVERSION = YES;
				CLANG_WARN_DEPRECATED_OBJC_IMPLEMENTATIONS = YES;
				CLANG_WARN_DIRECT_OBJC_ISA_USAGE = YES_ERROR;
				CLANG_WARN_DOCUMENTATION_COMMENTS = YES;
				CLANG_WARN_EMPTY_BODY = YES;
				CLANG_WARN_ENUM_CONVERSION = YES;
				CLANG_WARN_INFINITE_RECURSION = YES;
				CLANG_WARN_INT_CONVERSION = YES;
				CLANG_WARN_NON_LITERAL_NULL_CONVERSION = YES;
				CLANG_WARN_OBJC_IMPLICIT_RETAIN_SELF = YES;
				CLANG_WARN_OBJC_LITERAL_CONVERSION = YES;
				CLANG_WARN_OBJC_ROOT_CLASS = YES_ERROR;
				CLANG_WARN_QUOTED_INCLUDE_IN_FRAMEWORK_HEADER = YES;
				CLANG_WARN_RANGE_LOOP_ANALYSIS = YES;
				CLANG_WARN_STRICT_PROTOTYPES = YES;
				CLANG_WARN_SUSPICIOUS_MOVE = YES;
				CLANG_WARN_UNGUARDED_AVAILABILITY = YES_AGGRESSIVE;
				CLANG_WARN_UNREACHABLE_CODE = YES;
				CLANG_WARN__DUPLICATE_METHOD_MATCH = YES;
				COPY_PHASE_STRIP = NO;
				DEBUG_INFORMATION_FORMAT = "dwarf-with-dsym";
				ENABLE_NS_ASSERTIONS = NO;
				ENABLE_STRICT_OBJC_MSGSEND = YES;
				GCC_C_LANGUAGE_STANDARD = gnu11;
				GCC_NO_COMMON_BLOCKS = YES;
				GCC_WARN_64_TO_32_BIT_CONVERSION = YES;
				GCC_WARN_ABOUT_RETURN_TYPE = YES_ERROR;
				GCC_WARN_UNDECLARED_SELECTOR = YES;
				GCC_WARN_UNINITIALIZED_AUTOS = YES_AGGRESSIVE;
				GCC_WARN_UNUSED_FUNCTION = YES;
				GCC_WARN_UNUSED_VARIABLE = YES;
				IPHONEOS_DEPLOYMENT_TARGET = 16.0;
				MTL_ENABLE_DEBUG_INFO = NO;
				MTL_FAST_MATH = YES;
				SDKROOT = iphoneos;
				SWIFT_COMPILATION_MODE = wholemodule;
				SWIFT_OPTIMIZATION_LEVEL = "-O";
				VALIDATE_PRODUCT = YES;
			};
			name = Release;
		};
		651D1689289B0333003BBC13 /* Debug */ = {
			isa = XCBuildConfiguration;
			buildSettings = {
				ASSETCATALOG_COMPILER_APPICON_NAME = AppIcon;
				ASSETCATALOG_COMPILER_GLOBAL_ACCENT_COLOR_NAME = AccentColor;
				ASSETCATALOG_COMPILER_INCLUDE_ALL_APPICON_ASSETS = YES;
				CODE_SIGN_STYLE = Automatic;
				CURRENT_PROJECT_VERSION = 1;
				DEVELOPMENT_TEAM = PCTB5RL5K6;
				GENERATE_INFOPLIST_FILE = YES;
				INFOPLIST_FILE = iosRequests/Info.plist;
				INFOPLIST_KEY_CFBundleDisplayName = iosRequests;
				INFOPLIST_KEY_LSApplicationCategoryType = "public.app-category.utilities";
				INFOPLIST_KEY_NFCReaderUsageDescription = "for access";
				INFOPLIST_KEY_NSAppleMusicUsageDescription = "For Program Functionality";
				INFOPLIST_KEY_NSCameraUsageDescription = "For Program Functionality";
				INFOPLIST_KEY_NSDesktopFolderUsageDescription = "for access";
				INFOPLIST_KEY_NSDocumentsFolderUsageDescription = "For Program Functionality";
				INFOPLIST_KEY_NSDownloadsFolderUsageDescription = "For Program Functionality";
				INFOPLIST_KEY_NSFaceIDUsageDescription = "For Program Functionality";
				INFOPLIST_KEY_NSFileProviderDomainUsageDescription = "For Program Functionality";
				INFOPLIST_KEY_NSFileProviderPresenceUsageDescription = "For Program Functionality";
				INFOPLIST_KEY_NSLocalNetworkUsageDescription = "For Program Functionality";
				INFOPLIST_KEY_NSLocationAlwaysAndWhenInUseUsageDescription = "for access";
				INFOPLIST_KEY_NSNetworkVolumesUsageDescription = "For Program Functionality";
				INFOPLIST_KEY_NSPhotoLibraryAddUsageDescription = "For Program Functionality";
				INFOPLIST_KEY_NSPhotoLibraryUsageDescription = "For Program Functionality";
				INFOPLIST_KEY_NSRemovableVolumesUsageDescription = "For Program Functionality";
				INFOPLIST_KEY_NSVideoSubscriberAccountUsageDescription = "for access";
				INFOPLIST_KEY_UIApplicationSupportsIndirectInputEvents = YES;
				INFOPLIST_KEY_UILaunchStoryboardName = LaunchScreen;
				INFOPLIST_KEY_UIMainStoryboardFile = Main;
				INFOPLIST_KEY_UISupportedInterfaceOrientations_iPad = "UIInterfaceOrientationPortrait UIInterfaceOrientationPortraitUpsideDown UIInterfaceOrientationLandscapeLeft UIInterfaceOrientationLandscapeRight";
				INFOPLIST_KEY_UISupportedInterfaceOrientations_iPhone = "UIInterfaceOrientationPortrait UIInterfaceOrientationLandscapeLeft UIInterfaceOrientationLandscapeRight";
				IPHONEOS_DEPLOYMENT_TARGET = 15.6;
				LD_RUNPATH_SEARCH_PATHS = (
					"$(inherited)",
					"@executable_path/Frameworks",
				);
				MARKETING_VERSION = 1.0;
				PRODUCT_BUNDLE_IDENTIFIER = io.nobdylikesme.iosRequests;
				PRODUCT_NAME = "$(TARGET_NAME)";
				SWIFT_EMIT_LOC_STRINGS = YES;
				SWIFT_VERSION = 5.0;
				TARGETED_DEVICE_FAMILY = "1,2";
			};
			name = Debug;
		};
		651D168A289B0333003BBC13 /* Release */ = {
			isa = XCBuildConfiguration;
			buildSettings = {
				ASSETCATALOG_COMPILER_APPICON_NAME = AppIcon;
				ASSETCATALOG_COMPILER_GLOBAL_ACCENT_COLOR_NAME = AccentColor;
				ASSETCATALOG_COMPILER_INCLUDE_ALL_APPICON_ASSETS = YES;
				CODE_SIGN_STYLE = Automatic;
				CURRENT_PROJECT_VERSION = 1;
				DEVELOPMENT_TEAM = PCTB5RL5K6;
				GENERATE_INFOPLIST_FILE = YES;
				INFOPLIST_FILE = iosRequests/Info.plist;
				INFOPLIST_KEY_CFBundleDisplayName = iosRequests;
				INFOPLIST_KEY_LSApplicationCategoryType = "public.app-category.utilities";
				INFOPLIST_KEY_NFCReaderUsageDescription = "for access";
				INFOPLIST_KEY_NSAppleMusicUsageDescription = "For Program Functionality";
				INFOPLIST_KEY_NSCameraUsageDescription = "For Program Functionality";
				INFOPLIST_KEY_NSDesktopFolderUsageDescription = "for access";
				INFOPLIST_KEY_NSDocumentsFolderUsageDescription = "For Program Functionality";
				INFOPLIST_KEY_NSDownloadsFolderUsageDescription = "For Program Functionality";
				INFOPLIST_KEY_NSFaceIDUsageDescription = "For Program Functionality";
				INFOPLIST_KEY_NSFileProviderDomainUsageDescription = "For Program Functionality";
				INFOPLIST_KEY_NSFileProviderPresenceUsageDescription = "For Program Functionality";
				INFOPLIST_KEY_NSLocalNetworkUsageDescription = "For Program Functionality";
				INFOPLIST_KEY_NSLocationAlwaysAndWhenInUseUsageDescription = "for access";
				INFOPLIST_KEY_NSNetworkVolumesUsageDescription = "For Program Functionality";
				INFOPLIST_KEY_NSPhotoLibraryAddUsageDescription = "For Program Functionality";
				INFOPLIST_KEY_NSPhotoLibraryUsageDescription = "For Program Functionality";
				INFOPLIST_KEY_NSRemovableVolumesUsageDescription = "For Program Functionality";
				INFOPLIST_KEY_NSVideoSubscriberAccountUsageDescription = "for access";
				INFOPLIST_KEY_UIApplicationSupportsIndirectInputEvents = YES;
				INFOPLIST_KEY_UILaunchStoryboardName = LaunchScreen;
				INFOPLIST_KEY_UIMainStoryboardFile = Main;
				INFOPLIST_KEY_UISupportedInterfaceOrientations_iPad = "UIInterfaceOrientationPortrait UIInterfaceOrientationPortraitUpsideDown UIInterfaceOrientationLandscapeLeft UIInterfaceOrientationLandscapeRight";
				INFOPLIST_KEY_UISupportedInterfaceOrientations_iPhone = "UIInterfaceOrientationPortrait UIInterfaceOrientationLandscapeLeft UIInterfaceOrientationLandscapeRight";
				IPHONEOS_DEPLOYMENT_TARGET = 15.6;
				LD_RUNPATH_SEARCH_PATHS = (
					"$(inherited)",
					"@executable_path/Frameworks",
				);
				MARKETING_VERSION = 1.0;
				PRODUCT_BUNDLE_IDENTIFIER = io.nobdylikesme.iosRequests;
				PRODUCT_NAME = "$(TARGET_NAME)";
				SWIFT_EMIT_LOC_STRINGS = YES;
				SWIFT_VERSION = 5.0;
				TARGETED_DEVICE_FAMILY = "1,2";
			};
			name = Release;
		};
/* End XCBuildConfiguration section */

/* Begin XCConfigurationList section */
		651D166C289B0333003BBC13 /* Build configuration list for PBXProject "iosRequests" */ = {
			isa = XCConfigurationList;
			buildConfigurations = (
				651D1686289B0333003BBC13 /* Debug */,
				651D1687289B0333003BBC13 /* Release */,
			);
			defaultConfigurationIsVisible = 0;
			defaultConfigurationName = Release;
		};
		651D1688289B0333003BBC13 /* Build configuration list for PBXNativeTarget "iosRequests" */ = {
			isa = XCConfigurationList;
			buildConfigurations = (
				651D1689289B0333003BBC13 /* Debug */,
				651D168A289B0333003BBC13 /* Release */,
			);
			defaultConfigurationIsVisible = 0;
			defaultConfigurationName = Release;
		};
/* End XCConfigurationList section */

/* Begin XCRemoteSwiftPackageReference section */
		651D16B0289B053A003BBC13 /* XCRemoteSwiftPackageReference "SwiftSoup" */ = {
			isa = XCRemoteSwiftPackageReference;
			repositoryURL = "https://github.com/scinfu/SwiftSoup";
			requirement = {
				kind = upToNextMinorVersion;
				minimumVersion = 2.4.0;
			};
		};
/* End XCRemoteSwiftPackageReference section */

/* Begin XCSwiftPackageProductDependency section */
		651D16B1289B053A003BBC13 /* SwiftSoup */ = {
			isa = XCSwiftPackageProductDependency;
			package = 651D16B0289B053A003BBC13 /* XCRemoteSwiftPackageReference "SwiftSoup" */;
			productName = SwiftSoup;
		};
/* End XCSwiftPackageProductDependency section */

/* Begin XCVersionGroup section */
		651D167D289B0333003BBC13 /* iosRequests.xcdatamodeld */ = {
			isa = XCVersionGroup;
			children = (
				651D167E289B0333003BBC13 /* iosRequests.xcdatamodel */,
			);
			currentVersion = 651D167E289B0333003BBC13 /* iosRequests.xcdatamodel */;
			path = iosRequests.xcdatamodeld;
			sourceTree = "<group>";
			versionGroupType = wrapper.xcdatamodel;
		};
/* End XCVersionGroup section */
	};
	rootObject = 651D1669289B0333003BBC13 /* Project object */;
}
